// !$*UTF8*$!
{
	archiveVersion = 1;
	classes = {
	};
	objectVersion = 56;
	objects = {

/* Begin PBXBuildFile section */
		950362E62BA41C6B00197937 /* CollectionViewTableViewCell.swift in Sources */ = {isa = PBXBuildFile; fileRef = 950362E42BA41C6B00197937 /* CollectionViewTableViewCell.swift */; };
		95E269692B84FC8F008067EA /* AppDelegate.swift in Sources */ = {isa = PBXBuildFile; fileRef = 95E269682B84FC8F008067EA /* AppDelegate.swift */; };
		95E2696B2B84FC8F008067EA /* SceneDelegate.swift in Sources */ = {isa = PBXBuildFile; fileRef = 95E2696A2B84FC8F008067EA /* SceneDelegate.swift */; };
		95E2696D2B84FC8F008067EA /* MainTabBarViewController.swift in Sources */ = {isa = PBXBuildFile; fileRef = 95E2696C2B84FC8F008067EA /* MainTabBarViewController.swift */; };
		95E269722B84FC91008067EA /* Assets.xcassets in Resources */ = {isa = PBXBuildFile; fileRef = 95E269712B84FC91008067EA /* Assets.xcassets */; };
		95E269752B84FC91008067EA /* LaunchScreen.storyboard in Resources */ = {isa = PBXBuildFile; fileRef = 95E269732B84FC91008067EA /* LaunchScreen.storyboard */; };
		95E269802B84FC92008067EA /* Netflix_CloneTests.swift in Sources */ = {isa = PBXBuildFile; fileRef = 95E2697F2B84FC92008067EA /* Netflix_CloneTests.swift */; };
		95E2698A2B84FC92008067EA /* Netflix_CloneUITests.swift in Sources */ = {isa = PBXBuildFile; fileRef = 95E269892B84FC92008067EA /* Netflix_CloneUITests.swift */; };
		95E2698C2B84FC92008067EA /* Netflix_CloneUITestsLaunchTests.swift in Sources */ = {isa = PBXBuildFile; fileRef = 95E2698B2B84FC92008067EA /* Netflix_CloneUITestsLaunchTests.swift */; };
		95E2699A2B850396008067EA /* HomeViewController.swift in Sources */ = {isa = PBXBuildFile; fileRef = 95E269992B850396008067EA /* HomeViewController.swift */; };
		95E2699C2B8503CC008067EA /* UpComingViewController.swift in Sources */ = {isa = PBXBuildFile; fileRef = 95E2699B2B8503CC008067EA /* UpComingViewController.swift */; };
		95E2699E2B8503ED008067EA /* SearchViewController.swift in Sources */ = {isa = PBXBuildFile; fileRef = 95E2699D2B8503ED008067EA /* SearchViewController.swift */; };
		95E269A02B850410008067EA /* DownloadsViewController.swift in Sources */ = {isa = PBXBuildFile; fileRef = 95E2699F2B850410008067EA /* DownloadsViewController.swift */; };
/* End PBXBuildFile section */

/* Begin PBXContainerItemProxy section */
		95E2697C2B84FC92008067EA /* PBXContainerItemProxy */ = {
			isa = PBXContainerItemProxy;
			containerPortal = 95E2695D2B84FC8F008067EA /* Project object */;
			proxyType = 1;
			remoteGlobalIDString = 95E269642B84FC8F008067EA;
			remoteInfo = "Netflix Clone";
		};
		95E269862B84FC92008067EA /* PBXContainerItemProxy */ = {
			isa = PBXContainerItemProxy;
			containerPortal = 95E2695D2B84FC8F008067EA /* Project object */;
			proxyType = 1;
			remoteGlobalIDString = 95E269642B84FC8F008067EA;
			remoteInfo = "Netflix Clone";
		};
/* End PBXContainerItemProxy section */

/* Begin PBXFileReference section */
		950362E42BA41C6B00197937 /* CollectionViewTableViewCell.swift */ = {isa = PBXFileReference; lastKnownFileType = sourcecode.swift; path = CollectionViewTableViewCell.swift; sourceTree = "<group>"; };
		95E269652B84FC8F008067EA /* Netflix Clone.app */ = {isa = PBXFileReference; explicitFileType = wrapper.application; includeInIndex = 0; path = "Netflix Clone.app"; sourceTree = BUILT_PRODUCTS_DIR; };
		95E269682B84FC8F008067EA /* AppDelegate.swift */ = {isa = PBXFileReference; lastKnownFileType = sourcecode.swift; path = AppDelegate.swift; sourceTree = "<group>"; };
		95E2696A2B84FC8F008067EA /* SceneDelegate.swift */ = {isa = PBXFileReference; lastKnownFileType = sourcecode.swift; path = SceneDelegate.swift; sourceTree = "<group>"; };
		95E2696C2B84FC8F008067EA /* MainTabBarViewController.swift */ = {isa = PBXFileReference; lastKnownFileType = sourcecode.swift; path = MainTabBarViewController.swift; sourceTree = "<group>"; };
		95E269712B84FC91008067EA /* Assets.xcassets */ = {isa = PBXFileReference; lastKnownFileType = folder.assetcatalog; path = Assets.xcassets; sourceTree = "<group>"; };
		95E269742B84FC91008067EA /* Base */ = {isa = PBXFileReference; lastKnownFileType = file.storyboard; name = Base; path = Base.lproj/LaunchScreen.storyboard; sourceTree = "<group>"; };
		95E269762B84FC91008067EA /* Info.plist */ = {isa = PBXFileReference; lastKnownFileType = text.plist.xml; path = Info.plist; sourceTree = "<group>"; };
		95E2697B2B84FC92008067EA /* Netflix CloneTests.xctest */ = {isa = PBXFileReference; explicitFileType = wrapper.cfbundle; includeInIndex = 0; path = "Netflix CloneTests.xctest"; sourceTree = BUILT_PRODUCTS_DIR; };
		95E2697F2B84FC92008067EA /* Netflix_CloneTests.swift */ = {isa = PBXFileReference; lastKnownFileType = sourcecode.swift; path = Netflix_CloneTests.swift; sourceTree = "<group>"; };
		95E269852B84FC92008067EA /* Netflix CloneUITests.xctest */ = {isa = PBXFileReference; explicitFileType = wrapper.cfbundle; includeInIndex = 0; path = "Netflix CloneUITests.xctest"; sourceTree = BUILT_PRODUCTS_DIR; };
		95E269892B84FC92008067EA /* Netflix_CloneUITests.swift */ = {isa = PBXFileReference; lastKnownFileType = sourcecode.swift; path = Netflix_CloneUITests.swift; sourceTree = "<group>"; };
		95E2698B2B84FC92008067EA /* Netflix_CloneUITestsLaunchTests.swift */ = {isa = PBXFileReference; lastKnownFileType = sourcecode.swift; path = Netflix_CloneUITestsLaunchTests.swift; sourceTree = "<group>"; };
		95E269992B850396008067EA /* HomeViewController.swift */ = {isa = PBXFileReference; lastKnownFileType = sourcecode.swift; path = HomeViewController.swift; sourceTree = "<group>"; };
		95E2699B2B8503CC008067EA /* UpComingViewController.swift */ = {isa = PBXFileReference; lastKnownFileType = sourcecode.swift; path = UpComingViewController.swift; sourceTree = "<group>"; };
		95E2699D2B8503ED008067EA /* SearchViewController.swift */ = {isa = PBXFileReference; lastKnownFileType = sourcecode.swift; path = SearchViewController.swift; sourceTree = "<group>"; };
		95E2699F2B850410008067EA /* DownloadsViewController.swift */ = {isa = PBXFileReference; lastKnownFileType = sourcecode.swift; path = DownloadsViewController.swift; sourceTree = "<group>"; };
/* End PBXFileReference section */

/* Begin PBXFrameworksBuildPhase section */
		95E269622B84FC8F008067EA /* Frameworks */ = {
			isa = PBXFrameworksBuildPhase;
			buildActionMask = 2147483647;
			files = (
			);
			runOnlyForDeploymentPostprocessing = 0;
		};
		95E269782B84FC92008067EA /* Frameworks */ = {
			isa = PBXFrameworksBuildPhase;
			buildActionMask = 2147483647;
			files = (
			);
			runOnlyForDeploymentPostprocessing = 0;
		};
		95E269822B84FC92008067EA /* Frameworks */ = {
			isa = PBXFrameworksBuildPhase;
			buildActionMask = 2147483647;
			files = (
			);
			runOnlyForDeploymentPostprocessing = 0;
		};
/* End PBXFrameworksBuildPhase section */

/* Begin PBXGroup section */
		950362DF2BA41BCA00197937 /* Models */ = {
			isa = PBXGroup;
			children = (
			);
			path = Models;
			sourceTree = "<group>";
		};
		950362E02BA41BD600197937 /* Views */ = {
			isa = PBXGroup;
			children = (
				950362E42BA41C6B00197937 /* CollectionViewTableViewCell.swift */,
			);
			path = Views;
			sourceTree = "<group>";
		};
		950362E12BA41BEB00197937 /* ViewModels */ = {
			isa = PBXGroup;
			children = (
			);
			path = ViewModels;
			sourceTree = "<group>";
		};
		950362E22BA41C1000197937 /* Resources */ = {
			isa = PBXGroup;
			children = (
			);
			path = Resources;
			sourceTree = "<group>";
		};
		950362E32BA41C1B00197937 /* Managers */ = {
			isa = PBXGroup;
			children = (
			);
			path = Managers;
			sourceTree = "<group>";
		};
		95E2695C2B84FC8F008067EA = {
			isa = PBXGroup;
			children = (
				95E269672B84FC8F008067EA /* Netflix Clone */,
				95E2697E2B84FC92008067EA /* Netflix CloneTests */,
				95E269882B84FC92008067EA /* Netflix CloneUITests */,
				95E269662B84FC8F008067EA /* Products */,
			);
			sourceTree = "<group>";
		};
		95E269662B84FC8F008067EA /* Products */ = {
			isa = PBXGroup;
			children = (
				95E269652B84FC8F008067EA /* Netflix Clone.app */,
				95E2697B2B84FC92008067EA /* Netflix CloneTests.xctest */,
				95E269852B84FC92008067EA /* Netflix CloneUITests.xctest */,
			);
			name = Products;
			sourceTree = "<group>";
		};
		95E269672B84FC8F008067EA /* Netflix Clone */ = {
			isa = PBXGroup;
			children = (
				950362E32BA41C1B00197937 /* Managers */,
				950362E22BA41C1000197937 /* Resources */,
				950362DF2BA41BCA00197937 /* Models */,
				950362E02BA41BD600197937 /* Views */,
				950362E12BA41BEB00197937 /* ViewModels */,
				95E269982B850368008067EA /* Controllers */,
				95E269682B84FC8F008067EA /* AppDelegate.swift */,
				95E2696A2B84FC8F008067EA /* SceneDelegate.swift */,
				95E2696C2B84FC8F008067EA /* MainTabBarViewController.swift */,
				95E269712B84FC91008067EA /* Assets.xcassets */,
				95E269732B84FC91008067EA /* LaunchScreen.storyboard */,
				95E269762B84FC91008067EA /* Info.plist */,
			);
			path = "Netflix Clone";
			sourceTree = "<group>";
		};
		95E2697E2B84FC92008067EA /* Netflix CloneTests */ = {
			isa = PBXGroup;
			children = (
				95E2697F2B84FC92008067EA /* Netflix_CloneTests.swift */,
			);
			path = "Netflix CloneTests";
			sourceTree = "<group>";
		};
		95E269882B84FC92008067EA /* Netflix CloneUITests */ = {
			isa = PBXGroup;
			children = (
				95E269892B84FC92008067EA /* Netflix_CloneUITests.swift */,
				95E2698B2B84FC92008067EA /* Netflix_CloneUITestsLaunchTests.swift */,
			);
			path = "Netflix CloneUITests";
			sourceTree = "<group>";
		};
		95E269982B850368008067EA /* Controllers */ = {
			isa = PBXGroup;
			children = (
				95E269992B850396008067EA /* HomeViewController.swift */,
				95E2699B2B8503CC008067EA /* UpComingViewController.swift */,
				95E2699D2B8503ED008067EA /* SearchViewController.swift */,
				95E2699F2B850410008067EA /* DownloadsViewController.swift */,
			);
			path = Controllers;
			sourceTree = "<group>";
		};
/* End PBXGroup section */

/* Begin PBXNativeTarget section */
		95E269642B84FC8F008067EA /* Netflix Clone */ = {
			isa = PBXNativeTarget;
			buildConfigurationList = 95E2698F2B84FC92008067EA /* Build configuration list for PBXNativeTarget "Netflix Clone" */;
			buildPhases = (
				95E269612B84FC8F008067EA /* Sources */,
				95E269622B84FC8F008067EA /* Frameworks */,
				95E269632B84FC8F008067EA /* Resources */,
			);
			buildRules = (
			);
			dependencies = (
			);
			name = "Netflix Clone";
			productName = "Netflix Clone";
			productReference = 95E269652B84FC8F008067EA /* Netflix Clone.app */;
			productType = "com.apple.product-type.application";
		};
		95E2697A2B84FC92008067EA /* Netflix CloneTests */ = {
			isa = PBXNativeTarget;
			buildConfigurationList = 95E269922B84FC92008067EA /* Build configuration list for PBXNativeTarget "Netflix CloneTests" */;
			buildPhases = (
				95E269772B84FC92008067EA /* Sources */,
				95E269782B84FC92008067EA /* Frameworks */,
				95E269792B84FC92008067EA /* Resources */,
			);
			buildRules = (
			);
			dependencies = (
				95E2697D2B84FC92008067EA /* PBXTargetDependency */,
			);
			name = "Netflix CloneTests";
			productName = "Netflix CloneTests";
			productReference = 95E2697B2B84FC92008067EA /* Netflix CloneTests.xctest */;
			productType = "com.apple.product-type.bundle.unit-test";
		};
		95E269842B84FC92008067EA /* Netflix CloneUITests */ = {
			isa = PBXNativeTarget;
			buildConfigurationList = 95E269952B84FC92008067EA /* Build configuration list for PBXNativeTarget "Netflix CloneUITests" */;
			buildPhases = (
				95E269812B84FC92008067EA /* Sources */,
				95E269822B84FC92008067EA /* Frameworks */,
				95E269832B84FC92008067EA /* Resources */,
			);
			buildRules = (
			);
			dependencies = (
				95E269872B84FC92008067EA /* PBXTargetDependency */,
			);
			name = "Netflix CloneUITests";
			productName = "Netflix CloneUITests";
			productReference = 95E269852B84FC92008067EA /* Netflix CloneUITests.xctest */;
			productType = "com.apple.product-type.bundle.ui-testing";
		};
/* End PBXNativeTarget section */

/* Begin PBXProject section */
		95E2695D2B84FC8F008067EA /* Project object */ = {
			isa = PBXProject;
			attributes = {
				BuildIndependentTargetsInParallel = 1;
				LastSwiftUpdateCheck = 1520;
				LastUpgradeCheck = 1520;
				TargetAttributes = {
					95E269642B84FC8F008067EA = {
						CreatedOnToolsVersion = 15.2;
					};
					95E2697A2B84FC92008067EA = {
						CreatedOnToolsVersion = 15.2;
						TestTargetID = 95E269642B84FC8F008067EA;
					};
					95E269842B84FC92008067EA = {
						CreatedOnToolsVersion = 15.2;
						TestTargetID = 95E269642B84FC8F008067EA;
					};
				};
			};
			buildConfigurationList = 95E269602B84FC8F008067EA /* Build configuration list for PBXProject "Netflix Clone" */;
			compatibilityVersion = "Xcode 14.0";
			developmentRegion = en;
			hasScannedForEncodings = 0;
			knownRegions = (
				en,
				Base,
			);
			mainGroup = 95E2695C2B84FC8F008067EA;
			productRefGroup = 95E269662B84FC8F008067EA /* Products */;
			projectDirPath = "";
			projectRoot = "";
			targets = (
				95E269642B84FC8F008067EA /* Netflix Clone */,
				95E2697A2B84FC92008067EA /* Netflix CloneTests */,
				95E269842B84FC92008067EA /* Netflix CloneUITests */,
			);
		};
/* End PBXProject section */

/* Begin PBXResourcesBuildPhase section */
		95E269632B84FC8F008067EA /* Resources */ = {
			isa = PBXResourcesBuildPhase;
			buildActionMask = 2147483647;
			files = (
				95E269752B84FC91008067EA /* LaunchScreen.storyboard in Resources */,
				95E269722B84FC91008067EA /* Assets.xcassets in Resources */,
			);
			runOnlyForDeploymentPostprocessing = 0;
		};
		95E269792B84FC92008067EA /* Resources */ = {
			isa = PBXResourcesBuildPhase;
			buildActionMask = 2147483647;
			files = (
			);
			runOnlyForDeploymentPostprocessing = 0;
		};
		95E269832B84FC92008067EA /* Resources */ = {
			isa = PBXResourcesBuildPhase;
			buildActionMask = 2147483647;
			files = (
			);
			runOnlyForDeploymentPostprocessing = 0;
		};
/* End PBXResourcesBuildPhase section */

/* Begin PBXSourcesBuildPhase section */
		95E269612B84FC8F008067EA /* Sources */ = {
			isa = PBXSourcesBuildPhase;
			buildActionMask = 2147483647;
			files = (
				95E2699E2B8503ED008067EA /* SearchViewController.swift in Sources */,
				95E2696D2B84FC8F008067EA /* MainTabBarViewController.swift in Sources */,
				950362E62BA41C6B00197937 /* CollectionViewTableViewCell.swift in Sources */,
				95E269A02B850410008067EA /* DownloadsViewController.swift in Sources */,
				95E269692B84FC8F008067EA /* AppDelegate.swift in Sources */,
				95E2699C2B8503CC008067EA /* UpComingViewController.swift in Sources */,
				95E2696B2B84FC8F008067EA /* SceneDelegate.swift in Sources */,
				95E2699A2B850396008067EA /* HomeViewController.swift in Sources */,
			);
			runOnlyForDeploymentPostprocessing = 0;
		};
		95E269772B84FC92008067EA /* Sources */ = {
			isa = PBXSourcesBuildPhase;
			buildActionMask = 2147483647;
			files = (
				95E269802B84FC92008067EA /* Netflix_CloneTests.swift in Sources */,
			);
			runOnlyForDeploymentPostprocessing = 0;
		};
		95E269812B84FC92008067EA /* Sources */ = {
			isa = PBXSourcesBuildPhase;
			buildActionMask = 2147483647;
			files = (
				95E2698A2B84FC92008067EA /* Netflix_CloneUITests.swift in Sources */,
				95E2698C2B84FC92008067EA /* Netflix_CloneUITestsLaunchTests.swift in Sources */,
			);
			runOnlyForDeploymentPostprocessing = 0;
		};
/* End PBXSourcesBuildPhase section */

/* Begin PBXTargetDependency section */
		95E2697D2B84FC92008067EA /* PBXTargetDependency */ = {
			isa = PBXTargetDependency;
			target = 95E269642B84FC8F008067EA /* Netflix Clone */;
			targetProxy = 95E2697C2B84FC92008067EA /* PBXContainerItemProxy */;
		};
		95E269872B84FC92008067EA /* PBXTargetDependency */ = {
			isa = PBXTargetDependency;
			target = 95E269642B84FC8F008067EA /* Netflix Clone */;
			targetProxy = 95E269862B84FC92008067EA /* PBXContainerItemProxy */;
		};
/* End PBXTargetDependency section */

/* Begin PBXVariantGroup section */
		95E269732B84FC91008067EA /* LaunchScreen.storyboard */ = {
			isa = PBXVariantGroup;
			children = (
				95E269742B84FC91008067EA /* Base */,
			);
			name = LaunchScreen.storyboard;
			sourceTree = "<group>";
		};
/* End PBXVariantGroup section */

/* Begin XCBuildConfiguration section */
		95E2698D2B84FC92008067EA /* Debug */ = {
			isa = XCBuildConfiguration;
			buildSettings = {
				ALWAYS_SEARCH_USER_PATHS = NO;
				ASSETCATALOG_COMPILER_GENERATE_SWIFT_ASSET_SYMBOL_EXTENSIONS = YES;
				CLANG_ANALYZER_NONNULL = YES;
				CLANG_ANALYZER_NUMBER_OBJECT_CONVERSION = YES_AGGRESSIVE;
				CLANG_CXX_LANGUAGE_STANDARD = "gnu++20";
				CLANG_ENABLE_MODULES = YES;
				CLANG_ENABLE_OBJC_ARC = YES;
				CLANG_ENABLE_OBJC_WEAK = YES;
				CLANG_WARN_BLOCK_CAPTURE_AUTORELEASING = YES;
				CLANG_WARN_BOOL_CONVERSION = YES;
				CLANG_WARN_COMMA = YES;
				CLANG_WARN_CONSTANT_CONVERSION = YES;
				CLANG_WARN_DEPRECATED_OBJC_IMPLEMENTATIONS = YES;
				CLANG_WARN_DIRECT_OBJC_ISA_USAGE = YES_ERROR;
				CLANG_WARN_DOCUMENTATION_COMMENTS = YES;
				CLANG_WARN_EMPTY_BODY = YES;
				CLANG_WARN_ENUM_CONVERSION = YES;
				CLANG_WARN_INFINITE_RECURSION = YES;
				CLANG_WARN_INT_CONVERSION = YES;
				CLANG_WARN_NON_LITERAL_NULL_CONVERSION = YES;
				CLANG_WARN_OBJC_IMPLICIT_RETAIN_SELF = YES;
				CLANG_WARN_OBJC_LITERAL_CONVERSION = YES;
				CLANG_WARN_OBJC_ROOT_CLASS = YES_ERROR;
				CLANG_WARN_QUOTED_INCLUDE_IN_FRAMEWORK_HEADER = YES;
				CLANG_WARN_RANGE_LOOP_ANALYSIS = YES;
				CLANG_WARN_STRICT_PROTOTYPES = YES;
				CLANG_WARN_SUSPICIOUS_MOVE = YES;
				CLANG_WARN_UNGUARDED_AVAILABILITY = YES_AGGRESSIVE;
				CLANG_WARN_UNREACHABLE_CODE = YES;
				CLANG_WARN__DUPLICATE_METHOD_MATCH = YES;
				COPY_PHASE_STRIP = NO;
				DEBUG_INFORMATION_FORMAT = dwarf;
				ENABLE_STRICT_OBJC_MSGSEND = YES;
				ENABLE_TESTABILITY = YES;
				ENABLE_USER_SCRIPT_SANDBOXING = YES;
				GCC_C_LANGUAGE_STANDARD = gnu17;
				GCC_DYNAMIC_NO_PIC = NO;
				GCC_NO_COMMON_BLOCKS = YES;
				GCC_OPTIMIZATION_LEVEL = 0;
				GCC_PREPROCESSOR_DEFINITIONS = (
					"DEBUG=1",
					"$(inherited)",
				);
				GCC_WARN_64_TO_32_BIT_CONVERSION = YES;
				GCC_WARN_ABOUT_RETURN_TYPE = YES_ERROR;
				GCC_WARN_UNDECLARED_SELECTOR = YES;
				GCC_WARN_UNINITIALIZED_AUTOS = YES_AGGRESSIVE;
				GCC_WARN_UNUSED_FUNCTION = YES;
				GCC_WARN_UNUSED_VARIABLE = YES;
				IPHONEOS_DEPLOYMENT_TARGET = 17.2;
				LOCALIZATION_PREFERS_STRING_CATALOGS = YES;
				MTL_ENABLE_DEBUG_INFO = INCLUDE_SOURCE;
				MTL_FAST_MATH = YES;
				ONLY_ACTIVE_ARCH = YES;
				SDKROOT = iphoneos;
				SWIFT_ACTIVE_COMPILATION_CONDITIONS = "DEBUG $(inherited)";
				SWIFT_OPTIMIZATION_LEVEL = "-Onone";
			};
			name = Debug;
		};
		95E2698E2B84FC92008067EA /* Release */ = {
			isa = XCBuildConfiguration;
			buildSettings = {
				ALWAYS_SEARCH_USER_PATHS = NO;
				ASSETCATALOG_COMPILER_GENERATE_SWIFT_ASSET_SYMBOL_EXTENSIONS = YES;
				CLANG_ANALYZER_NONNULL = YES;
				CLANG_ANALYZER_NUMBER_OBJECT_CONVERSION = YES_AGGRESSIVE;
				CLANG_CXX_LANGUAGE_STANDARD = "gnu++20";
				CLANG_ENABLE_MODULES = YES;
				CLANG_ENABLE_OBJC_ARC = YES;
				CLANG_ENABLE_OBJC_WEAK = YES;
				CLANG_WARN_BLOCK_CAPTURE_AUTORELEASING = YES;
				CLANG_WARN_BOOL_CONVERSION = YES;
				CLANG_WARN_COMMA = YES;
				CLANG_WARN_CONSTANT_CONVERSION = YES;
				CLANG_WARN_DEPRECATED_OBJC_IMPLEMENTATIONS = YES;
				CLANG_WARN_DIRECT_OBJC_ISA_USAGE = YES_ERROR;
				CLANG_WARN_DOCUMENTATION_COMMENTS = YES;
				CLANG_WARN_EMPTY_BODY = YES;
				CLANG_WARN_ENUM_CONVERSION = YES;
				CLANG_WARN_INFINITE_RECURSION = YES;
				CLANG_WARN_INT_CONVERSION = YES;
				CLANG_WARN_NON_LITERAL_NULL_CONVERSION = YES;
				CLANG_WARN_OBJC_IMPLICIT_RETAIN_SELF = YES;
				CLANG_WARN_OBJC_LITERAL_CONVERSION = YES;
				CLANG_WARN_OBJC_ROOT_CLASS = YES_ERROR;
				CLANG_WARN_QUOTED_INCLUDE_IN_FRAMEWORK_HEADER = YES;
				CLANG_WARN_RANGE_LOOP_ANALYSIS = YES;
				CLANG_WARN_STRICT_PROTOTYPES = YES;
				CLANG_WARN_SUSPICIOUS_MOVE = YES;
				CLANG_WARN_UNGUARDED_AVAILABILITY = YES_AGGRESSIVE;
				CLANG_WARN_UNREACHABLE_CODE = YES;
				CLANG_WARN__DUPLICATE_METHOD_MATCH = YES;
				COPY_PHASE_STRIP = NO;
				DEBUG_INFORMATION_FORMAT = "dwarf-with-dsym";
				ENABLE_NS_ASSERTIONS = NO;
				ENABLE_STRICT_OBJC_MSGSEND = YES;
				ENABLE_USER_SCRIPT_SANDBOXING = YES;
				GCC_C_LANGUAGE_STANDARD = gnu17;
				GCC_NO_COMMON_BLOCKS = YES;
				GCC_WARN_64_TO_32_BIT_CONVERSION = YES;
				GCC_WARN_ABOUT_RETURN_TYPE = YES_ERROR;
				GCC_WARN_UNDECLARED_SELECTOR = YES;
				GCC_WARN_UNINITIALIZED_AUTOS = YES_AGGRESSIVE;
				GCC_WARN_UNUSED_FUNCTION = YES;
				GCC_WARN_UNUSED_VARIABLE = YES;
				IPHONEOS_DEPLOYMENT_TARGET = 17.2;
				LOCALIZATION_PREFERS_STRING_CATALOGS = YES;
				MTL_ENABLE_DEBUG_INFO = NO;
				MTL_FAST_MATH = YES;
				SDKROOT = iphoneos;
				SWIFT_COMPILATION_MODE = wholemodule;
				VALIDATE_PRODUCT = YES;
			};
			name = Release;
		};
		95E269902B84FC92008067EA /* Debug */ = {
			isa = XCBuildConfiguration;
			buildSettings = {
				ASSETCATALOG_COMPILER_APPICON_NAME = AppIcon;
				ASSETCATALOG_COMPILER_GLOBAL_ACCENT_COLOR_NAME = AccentColor;
				CODE_SIGN_STYLE = Automatic;
				CURRENT_PROJECT_VERSION = 1;
				DEVELOPMENT_TEAM = 56VX4BMQK5;
				GENERATE_INFOPLIST_FILE = YES;
				INFOPLIST_FILE = "Netflix Clone/Info.plist";
				INFOPLIST_KEY_UIApplicationSupportsIndirectInputEvents = YES;
				INFOPLIST_KEY_UILaunchStoryboardName = LaunchScreen;
				INFOPLIST_KEY_UISupportedInterfaceOrientations_iPad = "UIInterfaceOrientationPortrait UIInterfaceOrientationPortraitUpsideDown UIInterfaceOrientationLandscapeLeft UIInterfaceOrientationLandscapeRight";
				INFOPLIST_KEY_UISupportedInterfaceOrientations_iPhone = "UIInterfaceOrientationPortrait UIInterfaceOrientationLandscapeLeft UIInterfaceOrientationLandscapeRight";
				LD_RUNPATH_SEARCH_PATHS = (
					"$(inherited)",
					"@executable_path/Frameworks",
				);
				MARKETING_VERSION = 1.0;
				PRODUCT_BUNDLE_IDENTIFIER = "abhigna.Netflix-Clone";
				PRODUCT_NAME = "$(TARGET_NAME)";
				SWIFT_EMIT_LOC_STRINGS = YES;
				SWIFT_VERSION = 5.0;
				TARGETED_DEVICE_FAMILY = "1,2";
			};
			name = Debug;
		};
		95E269912B84FC92008067EA /* Release */ = {
			isa = XCBuildConfiguration;
			buildSettings = {
				ASSETCATALOG_COMPILER_APPICON_NAME = AppIcon;
				ASSETCATALOG_COMPILER_GLOBAL_ACCENT_COLOR_NAME = AccentColor;
				CODE_SIGN_STYLE = Automatic;
				CURRENT_PROJECT_VERSION = 1;
				DEVELOPMENT_TEAM = 56VX4BMQK5;
				GENERATE_INFOPLIST_FILE = YES;
				INFOPLIST_FILE = "Netflix Clone/Info.plist";
				INFOPLIST_KEY_UIApplicationSupportsIndirectInputEvents = YES;
				INFOPLIST_KEY_UILaunchStoryboardName = LaunchScreen;
				INFOPLIST_KEY_UISupportedInterfaceOrientations_iPad = "UIInterfaceOrientationPortrait UIInterfaceOrientationPortraitUpsideDown UIInterfaceOrientationLandscapeLeft UIInterfaceOrientationLandscapeRight";
				INFOPLIST_KEY_UISupportedInterfaceOrientations_iPhone = "UIInterfaceOrientationPortrait UIInterfaceOrientationLandscapeLeft UIInterfaceOrientationLandscapeRight";
				LD_RUNPATH_SEARCH_PATHS = (
					"$(inherited)",
					"@executable_path/Frameworks",
				);
				MARKETING_VERSION = 1.0;
				PRODUCT_BUNDLE_IDENTIFIER = "abhigna.Netflix-Clone";
				PRODUCT_NAME = "$(TARGET_NAME)";
				SWIFT_EMIT_LOC_STRINGS = YES;
				SWIFT_VERSION = 5.0;
				TARGETED_DEVICE_FAMILY = "1,2";
			};
			name = Release;
		};
		95E269932B84FC92008067EA /* Debug */ = {
			isa = XCBuildConfiguration;
			buildSettings = {
				ALWAYS_EMBED_SWIFT_STANDARD_LIBRARIES = YES;
				BUNDLE_LOADER = "$(TEST_HOST)";
				CODE_SIGN_STYLE = Automatic;
				CURRENT_PROJECT_VERSION = 1;
				DEVELOPMENT_TEAM = 56VX4BMQK5;
				GENERATE_INFOPLIST_FILE = YES;
				IPHONEOS_DEPLOYMENT_TARGET = 17.2;
				MARKETING_VERSION = 1.0;
				PRODUCT_BUNDLE_IDENTIFIER = "abhigna.Netflix-CloneTests";
				PRODUCT_NAME = "$(TARGET_NAME)";
				SWIFT_EMIT_LOC_STRINGS = NO;
				SWIFT_VERSION = 5.0;
				TARGETED_DEVICE_FAMILY = "1,2";
				TEST_HOST = "$(BUILT_PRODUCTS_DIR)/Netflix Clone.app/$(BUNDLE_EXECUTABLE_FOLDER_PATH)/Netflix Clone";
			};
			name = Debug;
		};
		95E269942B84FC92008067EA /* Release */ = {
			isa = XCBuildConfiguration;
			buildSettings = {
				ALWAYS_EMBED_SWIFT_STANDARD_LIBRARIES = YES;
				BUNDLE_LOADER = "$(TEST_HOST)";
				CODE_SIGN_STYLE = Automatic;
				CURRENT_PROJECT_VERSION = 1;
				DEVELOPMENT_TEAM = 56VX4BMQK5;
				GENERATE_INFOPLIST_FILE = YES;
				IPHONEOS_DEPLOYMENT_TARGET = 17.2;
				MARKETING_VERSION = 1.0;
				PRODUCT_BUNDLE_IDENTIFIER = "abhigna.Netflix-CloneTests";
				PRODUCT_NAME = "$(TARGET_NAME)";
				SWIFT_EMIT_LOC_STRINGS = NO;
				SWIFT_VERSION = 5.0;
				TARGETED_DEVICE_FAMILY = "1,2";
				TEST_HOST = "$(BUILT_PRODUCTS_DIR)/Netflix Clone.app/$(BUNDLE_EXECUTABLE_FOLDER_PATH)/Netflix Clone";
			};
			name = Release;
		};
		95E269962B84FC92008067EA /* Debug */ = {
			isa = XCBuildConfiguration;
			buildSettings = {
				ALWAYS_EMBED_SWIFT_STANDARD_LIBRARIES = YES;
				CODE_SIGN_STYLE = Automatic;
				CURRENT_PROJECT_VERSION = 1;
				DEVELOPMENT_TEAM = 56VX4BMQK5;
				GENERATE_INFOPLIST_FILE = YES;
				MARKETING_VERSION = 1.0;
				PRODUCT_BUNDLE_IDENTIFIER = "abhigna.Netflix-CloneUITests";
				PRODUCT_NAME = "$(TARGET_NAME)";
				SWIFT_EMIT_LOC_STRINGS = NO;
				SWIFT_VERSION = 5.0;
				TARGETED_DEVICE_FAMILY = "1,2";
				TEST_TARGET_NAME = "Netflix Clone";
			};
			name = Debug;
		};
		95E269972B84FC92008067EA /* Release */ = {
			isa = XCBuildConfiguration;
			buildSettings = {
				ALWAYS_EMBED_SWIFT_STANDARD_LIBRARIES = YES;
				CODE_SIGN_STYLE = Automatic;
				CURRENT_PROJECT_VERSION = 1;
				DEVELOPMENT_TEAM = 56VX4BMQK5;
				GENERATE_INFOPLIST_FILE = YES;
				MARKETING_VERSION = 1.0;
				PRODUCT_BUNDLE_IDENTIFIER = "abhigna.Netflix-CloneUITests";
				PRODUCT_NAME = "$(TARGET_NAME)";
				SWIFT_EMIT_LOC_STRINGS = NO;
				SWIFT_VERSION = 5.0;
				TARGETED_DEVICE_FAMILY = "1,2";
				TEST_TARGET_NAME = "Netflix Clone";
			};
			name = Release;
		};
/* End XCBuildConfiguration section */

/* Begin XCConfigurationList section */
		95E269602B84FC8F008067EA /* Build configuration list for PBXProject "Netflix Clone" */ = {
			isa = XCConfigurationList;
			buildConfigurations = (
				95E2698D2B84FC92008067EA /* Debug */,
				95E2698E2B84FC92008067EA /* Release */,
			);
			defaultConfigurationIsVisible = 0;
			defaultConfigurationName = Release;
		};
		95E2698F2B84FC92008067EA /* Build configuration list for PBXNativeTarget "Netflix Clone" */ = {
			isa = XCConfigurationList;
			buildConfigurations = (
				95E269902B84FC92008067EA /* Debug */,
				95E269912B84FC92008067EA /* Release */,
			);
			defaultConfigurationIsVisible = 0;
			defaultConfigurationName = Release;
		};
		95E269922B84FC92008067EA /* Build configuration list for PBXNativeTarget "Netflix CloneTests" */ = {
			isa = XCConfigurationList;
			buildConfigurations = (
				95E269932B84FC92008067EA /* Debug */,
				95E269942B84FC92008067EA /* Release */,
			);
			defaultConfigurationIsVisible = 0;
			defaultConfigurationName = Release;
		};
		95E269952B84FC92008067EA /* Build configuration list for PBXNativeTarget "Netflix CloneUITests" */ = {
			isa = XCConfigurationList;
			buildConfigurations = (
				95E269962B84FC92008067EA /* Debug */,
				95E269972B84FC92008067EA /* Release */,
			);
			defaultConfigurationIsVisible = 0;
			defaultConfigurationName = Release;
		};
/* End XCConfigurationList section */
	};
	rootObject = 95E2695D2B84FC8F008067EA /* Project object */;
}
